
Microsoft Visual Studio Solution File, Format Version 12.00
# Visual Studio 15
Project("{FAE04EC0-301F-11D3-BF4B-00C04F79EFBC}") = "Assembly-CSharp", "Assembly-CSharp.csproj", "{4273915B-5B4C-21D9-93DA-5D9E3B3BA45F}"
EndProject
Project("{FAE04EC0-301F-11D3-BF4B-00C04F79EFBC}") = "Assembly-CSharp-Editor", "Assembly-CSharp-Editor.csproj", "{FA4873BB-13A7-F600-7D7F-138C536DCF09}"
EndProject
Global
	GlobalSection(SolutionConfigurationPlatforms) = preSolution
		Debug|Any CPU = Debug|Any CPU
		Release|Any CPU = Release|Any CPU
	EndGlobalSection
	GlobalSection(ProjectConfigurationPlatforms) = postSolution
		{4273915B-5B4C-21D9-93DA-5D9E3B3BA45F}.Debug|Any CPU.ActiveCfg = Debug|Any CPU
		{4273915B-5B4C-21D9-93DA-5D9E3B3BA45F}.Debug|Any CPU.Build.0 = Debug|Any CPU
		{4273915B-5B4C-21D9-93DA-5D9E3B3BA45F}.Release|Any CPU.ActiveCfg = Release|Any CPU
		{4273915B-5B4C-21D9-93DA-5D9E3B3BA45F}.Release|Any CPU.Build.0 = Release|Any CPU
		{FA4873BB-13A7-F600-7D7F-138C536DCF09}.Debug|Any CPU.ActiveCfg = Debug|Any CPU
		{FA4873BB-13A7-F600-7D7F-138C536DCF09}.Debug|Any CPU.Build.0 = Debug|Any CPU
		{FA4873BB-13A7-F600-7D7F-138C536DCF09}.Release|Any CPU.ActiveCfg = Release|Any CPU
		{FA4873BB-13A7-F600-7D7F-138C536DCF09}.Release|Any CPU.Build.0 = Release|Any CPU
	EndGlobalSection
	GlobalSection(SolutionProperties) = preSolution
		HideSolutionNode = FALSE
	EndGlobalSection
EndGlobal
