
Microsoft Visual Studio Solution File, Format Version 12.00
# Visual Studio 15
Project("{FAE04EC0-301F-11D3-BF4B-00C04F79EFBC}") = "Assembly-CSharp", "Assembly-CSharp.csproj", "{887F18F9-2450-D851-F2CC-E57D319A3717}"
EndProject
Project("{FAE04EC0-301F-11D3-BF4B-00C04F79EFBC}") = "Assembly-CSharp-Editor", "Assembly-CSharp-Editor.csproj", "{08F3A37C-882F-E474-63C6-A2CB804292D5}"
EndProject
Global
	GlobalSection(SolutionConfigurationPlatforms) = preSolution
		Debug|Any CPU = Debug|Any CPU
		Release|Any CPU = Release|Any CPU
	EndGlobalSection
	GlobalSection(ProjectConfigurationPlatforms) = postSolution
		{887F18F9-2450-D851-F2CC-E57D319A3717}.Debug|Any CPU.ActiveCfg = Debug|Any CPU
		{887F18F9-2450-D851-F2CC-E57D319A3717}.Debug|Any CPU.Build.0 = Debug|Any CPU
		{887F18F9-2450-D851-F2CC-E57D319A3717}.Release|Any CPU.ActiveCfg = Release|Any CPU
		{887F18F9-2450-D851-F2CC-E57D319A3717}.Release|Any CPU.Build.0 = Release|Any CPU
		{08F3A37C-882F-E474-63C6-A2CB804292D5}.Debug|Any CPU.ActiveCfg = Debug|Any CPU
		{08F3A37C-882F-E474-63C6-A2CB804292D5}.Debug|Any CPU.Build.0 = Debug|Any CPU
		{08F3A37C-882F-E474-63C6-A2CB804292D5}.Release|Any CPU.ActiveCfg = Release|Any CPU
		{08F3A37C-882F-E474-63C6-A2CB804292D5}.Release|Any CPU.Build.0 = Release|Any CPU
	EndGlobalSection
	GlobalSection(SolutionProperties) = preSolution
		HideSolutionNode = FALSE
	EndGlobalSection
EndGlobal
